{
  "name": "rag-demo",
  "version": "0.1.0",
  "lockfileVersion": 3,
  "requires": true,
  "packages": {
    "": {
      "name": "rag-demo",
      "version": "0.1.0",
      "dependencies": {
        "react": "^18.2.0",
        "react-dom": "^18.2.0"
      }
    }
  },
  "dependencies": {
    "react": {
      "version": "18.2.0"
    },
    "react-dom": {
      "version": "18.2.0"
    }
  }
}
